
Microsoft Visual Studio Solution File, Format Version 12.00
# Visual Studio 15
VisualStudioVersion = 15.0.28010.2048
MinimumVisualStudioVersion = 10.0.40219.1
Project("{8BC9CEB8-8B4A-11D0-8D11-00A0C91BC942}") = "DegreeRace", "DegreeRace\DegreeRace.vcxproj", "{96AC06C6-8E2E-404C-B792-82E466861A1B}"
EndProject
Global
	GlobalSection(SolutionConfigurationPlatforms) = preSolution
		Debug|x64 = Debug|x64
		Debug|x86 = Debug|x86
		Release|x64 = Release|x64
		Release|x86 = Release|x86
	EndGlobalSection
	GlobalSection(ProjectConfigurationPlatforms) = postSolution
		{96AC06C6-8E2E-404C-B792-82E466861A1B}.Debug|x64.ActiveCfg = Debug|x64
		{96AC06C6-8E2E-404C-B792-82E466861A1B}.Debug|x64.Build.0 = Debug|x64
		{96AC06C6-8E2E-404C-B792-82E466861A1B}.Debug|x86.ActiveCfg = Debug|Win32
		{96AC06C6-8E2E-404C-B792-82E466861A1B}.Debug|x86.Build.0 = Debug|Win32
		{96AC06C6-8E2E-404C-B792-82E466861A1B}.Release|x64.ActiveCfg = Release|x64
		{96AC06C6-8E2E-404C-B792-82E466861A1B}.Release|x64.Build.0 = Release|x64
		{96AC06C6-8E2E-404C-B792-82E466861A1B}.Release|x86.ActiveCfg = Release|Win32
		{96AC06C6-8E2E-404C-B792-82E466861A1B}.Release|x86.Build.0 = Release|Win32
	EndGlobalSection
	GlobalSection(SolutionProperties) = preSolution
		HideSolutionNode = FALSE
	EndGlobalSection
	GlobalSection(ExtensibilityGlobals) = postSolution
		SolutionGuid = {652D44C9-CBD1-4672-8717-EF9AF6260D55}
	EndGlobalSection
EndGlobal
